# This file is automatically @generated by Cargo.
# It is not intended for manual editing.
[[package]]
name = "adventures"
version = "0.1.0"
dependencies = [
 "game",
 "text_parsing",
 "world",
]

[[package]]
name = "character"
version = "0.1.0"

[[package]]
name = "core"
version = "0.1.0"

[[package]]
name = "game"
version = "0.1.0"
dependencies = [
 "character",
]

[[package]]
name = "story_teller"
version = "0.1.0"
dependencies = [
 "adventures",
 "character",
 "core",
 "game",
]

[[package]]
name = "text_parsing"
version = "0.1.0"

[[package]]
name = "world"
version = "0.1.0"
